
Microsoft Visual Studio Solution File, Format Version 12.00
# Visual Studio Version 17
VisualStudioVersion = 17.6.33815.320
MinimumVisualStudioVersion = 10.0.40219.1
Project("{9A19103F-16F7-4668-BE54-9A1E7A4F7556}") = "StartCRM.Module", "StartCRM.Module\StartCRM.Module.csproj", "{1A825C06-38EC-4C88-87D5-2A1480A73123}"
EndProject
Project("{9A19103F-16F7-4668-BE54-9A1E7A4F7556}") = "StartCRM.Win", "StartCRM.Win\StartCRM.Win.csproj", "{DBBC8968-C02A-4C86-AC53-D50AACFAC283}"
EndProject
Project("{9A19103F-16F7-4668-BE54-9A1E7A4F7556}") = "StartCRM.Blazor.Server", "StartCRM.Blazor.Server\StartCRM.Blazor.Server.csproj", "{BAC88952-2F36-4401-8990-51F7714C07BC}"
EndProject
Global
	GlobalSection(SolutionConfigurationPlatforms) = preSolution
		Debug|Any CPU = Debug|Any CPU
		EasyTest|Any CPU = EasyTest|Any CPU
		Release|Any CPU = Release|Any CPU
	EndGlobalSection
	GlobalSection(ProjectConfigurationPlatforms) = postSolution
		{1A825C06-38EC-4C88-87D5-2A1480A73123}.Debug|Any CPU.ActiveCfg = Debug|Any CPU
		{1A825C06-38EC-4C88-87D5-2A1480A73123}.Debug|Any CPU.Build.0 = Debug|Any CPU
		{1A825C06-38EC-4C88-87D5-2A1480A73123}.EasyTest|Any CPU.ActiveCfg = EasyTest|Any CPU
		{1A825C06-38EC-4C88-87D5-2A1480A73123}.EasyTest|Any CPU.Build.0 = EasyTest|Any CPU
		{1A825C06-38EC-4C88-87D5-2A1480A73123}.Release|Any CPU.ActiveCfg = Release|Any CPU
		{1A825C06-38EC-4C88-87D5-2A1480A73123}.Release|Any CPU.Build.0 = Release|Any CPU
		{DBBC8968-C02A-4C86-AC53-D50AACFAC283}.Debug|Any CPU.ActiveCfg = Debug|Any CPU
		{DBBC8968-C02A-4C86-AC53-D50AACFAC283}.Debug|Any CPU.Build.0 = Debug|Any CPU
		{DBBC8968-C02A-4C86-AC53-D50AACFAC283}.EasyTest|Any CPU.ActiveCfg = EasyTest|Any CPU
		{DBBC8968-C02A-4C86-AC53-D50AACFAC283}.EasyTest|Any CPU.Build.0 = EasyTest|Any CPU
		{DBBC8968-C02A-4C86-AC53-D50AACFAC283}.Release|Any CPU.ActiveCfg = Release|Any CPU
		{DBBC8968-C02A-4C86-AC53-D50AACFAC283}.Release|Any CPU.Build.0 = Release|Any CPU
		{BAC88952-2F36-4401-8990-51F7714C07BC}.Debug|Any CPU.ActiveCfg = Debug|Any CPU
		{BAC88952-2F36-4401-8990-51F7714C07BC}.Debug|Any CPU.Build.0 = Debug|Any CPU
		{BAC88952-2F36-4401-8990-51F7714C07BC}.EasyTest|Any CPU.ActiveCfg = EasyTest|Any CPU
		{BAC88952-2F36-4401-8990-51F7714C07BC}.EasyTest|Any CPU.Build.0 = EasyTest|Any CPU
		{BAC88952-2F36-4401-8990-51F7714C07BC}.Release|Any CPU.ActiveCfg = Release|Any CPU
		{BAC88952-2F36-4401-8990-51F7714C07BC}.Release|Any CPU.Build.0 = Release|Any CPU
	EndGlobalSection
	GlobalSection(SolutionProperties) = preSolution
		HideSolutionNode = FALSE
	EndGlobalSection
EndGlobal
